
Microsoft Visual Studio Solution File, Format Version 12.00
# Visual Studio Version 17
VisualStudioVersion = 17.6.33829.357
MinimumVisualStudioVersion = 10.0.40219.1
Project("{FAE04EC0-301F-11D3-BF4B-00C04F79EFBC}") = "ProductListMVC", "ProductListMVC\ProductListMVC.csproj", "{19BD6B60-764D-453A-8FA6-91689AF0A76B}"
EndProject
Global
	GlobalSection(SolutionConfigurationPlatforms) = preSolution
		Debug|Any CPU = Debug|Any CPU
		Release|Any CPU = Release|Any CPU
	EndGlobalSection
	GlobalSection(ProjectConfigurationPlatforms) = postSolution
		{19BD6B60-764D-453A-8FA6-91689AF0A76B}.Debug|Any CPU.ActiveCfg = Debug|Any CPU
		{19BD6B60-764D-453A-8FA6-91689AF0A76B}.Debug|Any CPU.Build.0 = Debug|Any CPU
		{19BD6B60-764D-453A-8FA6-91689AF0A76B}.Release|Any CPU.ActiveCfg = Release|Any CPU
		{19BD6B60-764D-453A-8FA6-91689AF0A76B}.Release|Any CPU.Build.0 = Release|Any CPU
	EndGlobalSection
	GlobalSection(SolutionProperties) = preSolution
		HideSolutionNode = FALSE
	EndGlobalSection
	GlobalSection(ExtensibilityGlobals) = postSolution
		SolutionGuid = {20C42371-C8F8-453D-ADF8-8D7A0A4387FD}
	EndGlobalSection
EndGlobal
